
Microsoft Visual Studio Solution File, Format Version 12.00
# Visual Studio 15
VisualStudioVersion = 15.0.26430.6
MinimumVisualStudioVersion = 10.0.40219.1
Project("{9A19103F-16F7-4668-BE54-9A1E7A4F7556}") = "SymbolFilterServer", "SymbolFilterServer\SymbolFilterServer.csproj", "{1A1264E3-BEEE-441F-BEE6-661909D3A239}"
EndProject
Project("{9A19103F-16F7-4668-BE54-9A1E7A4F7556}") = "SymbolFilterServer.Tests", "SymbolFilterServer.Tests\SymbolFilterServer.Tests.csproj", "{F72C17D3-218C-4836-958C-AC9316E451D4}"
EndProject
Global
	GlobalSection(SolutionConfigurationPlatforms) = preSolution
		Debug|Any CPU = Debug|Any CPU
		Release|Any CPU = Release|Any CPU
	EndGlobalSection
	GlobalSection(ProjectConfigurationPlatforms) = postSolution
		{1A1264E3-BEEE-441F-BEE6-661909D3A239}.Debug|Any CPU.ActiveCfg = Debug|Any CPU
		{1A1264E3-BEEE-441F-BEE6-661909D3A239}.Debug|Any CPU.Build.0 = Debug|Any CPU
		{1A1264E3-BEEE-441F-BEE6-661909D3A239}.Release|Any CPU.ActiveCfg = Release|Any CPU
		{1A1264E3-BEEE-441F-BEE6-661909D3A239}.Release|Any CPU.Build.0 = Release|Any CPU
		{F72C17D3-218C-4836-958C-AC9316E451D4}.Debug|Any CPU.ActiveCfg = Debug|Any CPU
		{F72C17D3-218C-4836-958C-AC9316E451D4}.Debug|Any CPU.Build.0 = Debug|Any CPU
		{F72C17D3-218C-4836-958C-AC9316E451D4}.Release|Any CPU.ActiveCfg = Release|Any CPU
		{F72C17D3-218C-4836-958C-AC9316E451D4}.Release|Any CPU.Build.0 = Release|Any CPU
	EndGlobalSection
	GlobalSection(SolutionProperties) = preSolution
		HideSolutionNode = FALSE
	EndGlobalSection
EndGlobal
